# This file is generated by running "yarn install" inside your project.
# Manual changes might be lost - proceed with caution!

__metadata:
  version: 4
  cacheKey: 8

"@pinetwork-js/beauty@workspace:.":
  version: 0.0.0-use.local
  resolution: "@pinetwork-js/beauty@workspace:."
  dependencies:
    "@types/prettier": ^2
    prettier: ^2.3.2
    typescript: ^4.3.5
  languageName: unknown
  linkType: soft

"@pinetwork-js/prettier-config@workspace:packages/prettier-config":
  version: 0.0.0-use.local
  resolution: "@pinetwork-js/prettier-config@workspace:packages/prettier-config"
  peerDependencies:
    prettier: ^2.2.1
  peerDependenciesMeta:
    prettier:
      optional: false
  languageName: unknown
  linkType: soft

"@types/prettier@npm:^2":
  version: 2.3.2
  resolution: "@types/prettier@npm:2.3.2"
  checksum: c4313e16650811f47b07a0fa7ac0742e966f61283a7292eb667fd4626d760bf3b7d896be3eaabb3354ad45fdbe3a340299b018dd3bcce1ff753d030a8cd2479c
  languageName: node
  linkType: hard

"prettier@npm:^2.3.2":
  version: 2.3.2
  resolution: "prettier@npm:2.3.2"
  bin:
    prettier: bin-prettier.js
  checksum: 17ce5784ac67621c292df58e2da60b2ee150c2d6aebea22a6ad9e52fcd6a5e66c349d0a8436ea3bd8ff9d778920a5f68000d7625b74f43558718a49755aa5259
  languageName: node
  linkType: hard

typescript@^4.3.5:
  version: 4.3.5
  resolution: "typescript@npm:4.3.5"
  bin:
    tsc: bin/tsc
    tsserver: bin/tsserver
  checksum: bab033b5e2b0790dd35b77fd005df976ef80b8d84fd2c6e63cc31808151875beae9216e5a315fe7068e8499905c3c354248fe83272cdfc13b7705635f0c66c97
  languageName: node
  linkType: hard

"typescript@patch:typescript@^4.3.5#~builtin<compat/typescript>":
  version: 4.3.5
  resolution: "typescript@patch:typescript@npm%3A4.3.5#~builtin<compat/typescript>::version=4.3.5&hash=d8b4e7"
  bin:
    tsc: bin/tsc
    tsserver: bin/tsserver
  checksum: bc2c4fdf0f1557fdafe4ef74848c72ebd9c8c60829568248f869121aea2bb20e16649a252431d0acb185ec118143be22bed73d08f64379557810d82756afedde
  languageName: node
  linkType: hard
